
Microsoft Visual Studio Solution File, Format Version 12.00
# Visual Studio Version 17
VisualStudioVersion = 17.13.35806.99 d17.13
MinimumVisualStudioVersion = 10.0.40219.1
Project("{FAE04EC0-301F-11D3-BF4B-00C04F79EFBC}") = "Task 1", "Task 1.csproj", "{03BAC407-8FA4-4064-BAC1-AC2F9968EBEC}"
EndProject
Global
	GlobalSection(SolutionConfigurationPlatforms) = preSolution
		Debug|Any CPU = Debug|Any CPU
		Release|Any CPU = Release|Any CPU
	EndGlobalSection
	GlobalSection(ProjectConfigurationPlatforms) = postSolution
		{03BAC407-8FA4-4064-BAC1-AC2F9968EBEC}.Debug|Any CPU.ActiveCfg = Debug|Any CPU
		{03BAC407-8FA4-4064-BAC1-AC2F9968EBEC}.Debug|Any CPU.Build.0 = Debug|Any CPU
		{03BAC407-8FA4-4064-BAC1-AC2F9968EBEC}.Release|Any CPU.ActiveCfg = Release|Any CPU
		{03BAC407-8FA4-4064-BAC1-AC2F9968EBEC}.Release|Any CPU.Build.0 = Release|Any CPU
	EndGlobalSection
	GlobalSection(SolutionProperties) = preSolution
		HideSolutionNode = FALSE
	EndGlobalSection
	GlobalSection(ExtensibilityGlobals) = postSolution
		SolutionGuid = {913D9296-3519-4B3F-A50A-4B9112A6DD51}
	EndGlobalSection
EndGlobal
